
Microsoft Visual Studio Solution File, Format Version 12.00
# Visual Studio Version 17
VisualStudioVersion = 17.4.33110.190
MinimumVisualStudioVersion = 10.0.40219.1
Project("{FAE04EC0-301F-11D3-BF4B-00C04F79EFBC}") = "Decorator", "Decorator.csproj", "{66A9896D-F03D-49CD-9180-C168119804FB}"
EndProject
Global
	GlobalSection(SolutionConfigurationPlatforms) = preSolution
		Debug|Any CPU = Debug|Any CPU
		Release|Any CPU = Release|Any CPU
	EndGlobalSection
	GlobalSection(ProjectConfigurationPlatforms) = postSolution
		{66A9896D-F03D-49CD-9180-C168119804FB}.Debug|Any CPU.ActiveCfg = Debug|Any CPU
		{66A9896D-F03D-49CD-9180-C168119804FB}.Debug|Any CPU.Build.0 = Debug|Any CPU
		{66A9896D-F03D-49CD-9180-C168119804FB}.Release|Any CPU.ActiveCfg = Release|Any CPU
		{66A9896D-F03D-49CD-9180-C168119804FB}.Release|Any CPU.Build.0 = Release|Any CPU
	EndGlobalSection
	GlobalSection(SolutionProperties) = preSolution
		HideSolutionNode = FALSE
	EndGlobalSection
	GlobalSection(ExtensibilityGlobals) = postSolution
		SolutionGuid = {67473A1C-4F46-41DA-B717-1DD033C7DF03}
	EndGlobalSection
EndGlobal
