
Microsoft Visual Studio Solution File, Format Version 12.00
# Visual Studio Version 17
VisualStudioVersion = 17.4.33110.190
MinimumVisualStudioVersion = 10.0.40219.1
Project("{FAE04EC0-301F-11D3-BF4B-00C04F79EFBC}") = "Builder", "Builder.csproj", "{67E7F323-DA5E-43ED-955F-634D332FBE44}"
EndProject
Global
	GlobalSection(SolutionConfigurationPlatforms) = preSolution
		Debug|Any CPU = Debug|Any CPU
		Release|Any CPU = Release|Any CPU
	EndGlobalSection
	GlobalSection(ProjectConfigurationPlatforms) = postSolution
		{67E7F323-DA5E-43ED-955F-634D332FBE44}.Debug|Any CPU.ActiveCfg = Debug|Any CPU
		{67E7F323-DA5E-43ED-955F-634D332FBE44}.Debug|Any CPU.Build.0 = Debug|Any CPU
		{67E7F323-DA5E-43ED-955F-634D332FBE44}.Release|Any CPU.ActiveCfg = Release|Any CPU
		{67E7F323-DA5E-43ED-955F-634D332FBE44}.Release|Any CPU.Build.0 = Release|Any CPU
	EndGlobalSection
	GlobalSection(SolutionProperties) = preSolution
		HideSolutionNode = FALSE
	EndGlobalSection
	GlobalSection(ExtensibilityGlobals) = postSolution
		SolutionGuid = {4804902F-3F37-4518-9E20-1E6EF8F9C6F3}
	EndGlobalSection
EndGlobal
